
Microsoft Visual Studio Solution File, Format Version 12.00
# Visual Studio Version 16
VisualStudioVersion = 16.0.29306.81
MinimumVisualStudioVersion = 10.0.40219.1
Project("{FAE04EC0-301F-11D3-BF4B-00C04F79EFBC}") = "Konfiguration WPF", "Konfiguration WPF.csproj", "{71C6165D-EDBF-486E-8DFA-E47348F69755}"
EndProject
Project("{54435603-DBB4-11D2-8724-00A0C9A8B90C}") = "Konfiguration-Setup", "..\Konfiguration-Setup\Konfiguration-Setup.vdproj", "{41A14A53-1FAF-4EC6-A26A-81B8E9A1AE8F}"
EndProject
Global
	GlobalSection(SolutionConfigurationPlatforms) = preSolution
		Debug|Any CPU = Debug|Any CPU
		Release|Any CPU = Release|Any CPU
	EndGlobalSection
	GlobalSection(ProjectConfigurationPlatforms) = postSolution
		{71C6165D-EDBF-486E-8DFA-E47348F69755}.Debug|Any CPU.ActiveCfg = Release|Any CPU
		{71C6165D-EDBF-486E-8DFA-E47348F69755}.Debug|Any CPU.Build.0 = Release|Any CPU
		{71C6165D-EDBF-486E-8DFA-E47348F69755}.Release|Any CPU.ActiveCfg = Release|Any CPU
		{71C6165D-EDBF-486E-8DFA-E47348F69755}.Release|Any CPU.Build.0 = Release|Any CPU
		{41A14A53-1FAF-4EC6-A26A-81B8E9A1AE8F}.Debug|Any CPU.ActiveCfg = Debug
		{41A14A53-1FAF-4EC6-A26A-81B8E9A1AE8F}.Release|Any CPU.ActiveCfg = Release
	EndGlobalSection
	GlobalSection(SolutionProperties) = preSolution
		HideSolutionNode = FALSE
	EndGlobalSection
	GlobalSection(ExtensibilityGlobals) = postSolution
		SolutionGuid = {36B23D19-2A93-48C4-B8EB-442BF4198306}
	EndGlobalSection
EndGlobal
